
Microsoft Visual Studio Solution File, Format Version 12.00
# Visual Studio Version 16
VisualStudioVersion = 16.0.30621.155
MinimumVisualStudioVersion = 10.0.40219.1
Project("{FAE04EC0-301F-11D3-BF4B-00C04F79EFBC}") = "QuanLySinhVien", "QuanLySinhVien\QuanLySinhVien.csproj", "{3CA75169-7362-4206-BC9E-E2F114B43DEC}"
EndProject
Global
	GlobalSection(SolutionConfigurationPlatforms) = preSolution
		Debug|Any CPU = Debug|Any CPU
		Release|Any CPU = Release|Any CPU
	EndGlobalSection
	GlobalSection(ProjectConfigurationPlatforms) = postSolution
		{3CA75169-7362-4206-BC9E-E2F114B43DEC}.Debug|Any CPU.ActiveCfg = Debug|Any CPU
		{3CA75169-7362-4206-BC9E-E2F114B43DEC}.Debug|Any CPU.Build.0 = Debug|Any CPU
		{3CA75169-7362-4206-BC9E-E2F114B43DEC}.Release|Any CPU.ActiveCfg = Release|Any CPU
		{3CA75169-7362-4206-BC9E-E2F114B43DEC}.Release|Any CPU.Build.0 = Release|Any CPU
	EndGlobalSection
	GlobalSection(SolutionProperties) = preSolution
		HideSolutionNode = FALSE
	EndGlobalSection
	GlobalSection(ExtensibilityGlobals) = postSolution
		SolutionGuid = {671025DA-0CEA-4AF0-BF68-A59D14F5338A}
	EndGlobalSection
EndGlobal
